
Microsoft Visual Studio Solution File, Format Version 12.00
# Visual Studio Version 17
VisualStudioVersion = 17.4.33110.190
MinimumVisualStudioVersion = 10.0.40219.1
Project("{FAE04EC0-301F-11D3-BF4B-00C04F79EFBC}") = "WebCinema", "WebCinema\WebCinema.csproj", "{C4FA1273-1781-40DE-97BE-2D09DC495AC7}"
EndProject
Project("{FAE04EC0-301F-11D3-BF4B-00C04F79EFBC}") = "CinemaCore", "CinemaCore\CinemaCore.csproj", "{0774E94E-8A74-4209-B32A-021ED6FEB1FD}"
EndProject
Global
	GlobalSection(SolutionConfigurationPlatforms) = preSolution
		Debug|Any CPU = Debug|Any CPU
		Release|Any CPU = Release|Any CPU
	EndGlobalSection
	GlobalSection(ProjectConfigurationPlatforms) = postSolution
		{C4FA1273-1781-40DE-97BE-2D09DC495AC7}.Debug|Any CPU.ActiveCfg = Debug|Any CPU
		{C4FA1273-1781-40DE-97BE-2D09DC495AC7}.Debug|Any CPU.Build.0 = Debug|Any CPU
		{C4FA1273-1781-40DE-97BE-2D09DC495AC7}.Release|Any CPU.ActiveCfg = Release|Any CPU
		{C4FA1273-1781-40DE-97BE-2D09DC495AC7}.Release|Any CPU.Build.0 = Release|Any CPU
		{0774E94E-8A74-4209-B32A-021ED6FEB1FD}.Debug|Any CPU.ActiveCfg = Debug|Any CPU
		{0774E94E-8A74-4209-B32A-021ED6FEB1FD}.Debug|Any CPU.Build.0 = Debug|Any CPU
		{0774E94E-8A74-4209-B32A-021ED6FEB1FD}.Release|Any CPU.ActiveCfg = Release|Any CPU
		{0774E94E-8A74-4209-B32A-021ED6FEB1FD}.Release|Any CPU.Build.0 = Release|Any CPU
	EndGlobalSection
	GlobalSection(SolutionProperties) = preSolution
		HideSolutionNode = FALSE
	EndGlobalSection
	GlobalSection(ExtensibilityGlobals) = postSolution
		SolutionGuid = {61FD7B9E-7ED3-4BEB-BC88-CAC7E4F7BD51}
	EndGlobalSection
EndGlobal
